# This file is generated by `lpm install`; do not edit it manually.
version = 2

[[package]]
name = "nezuo/delta-compress"
version = "0.1.3"
environment = "roblox"
link = "DeltaCompress"
index = "https://github.com/UpliftGames/wally-index"
type = "zip"
url = "https://api.wally.run/v1/package-contents/nezuo/delta-compress/0.1.3"

[[package]]
name = "nowoshire/namedsignal"
version = "2.3.2"
environment = "roblox"
link = "Signal"
index = "https://github.com/UpliftGames/wally-index"
type = "zip"
url = "https://api.wally.run/v1/package-contents/nowoshire/namedsignal/2.3.2"

[[package]]
name = "osyrisrblx/t"
version = "3.1.1"
environment = "roblox"
link = "t"
index = "https://github.com/UpliftGames/wally-index"
type = "zip"
url = "https://api.wally.run/v1/package-contents/osyrisrblx/t/3.1.1"
